<Solution>
  <Project Path="src/Api/ContactRequests.Server/ContactRequests.Server.csproj" />
  <Project Path="src/Common/Common.Infrastructure/Common.Infrastructure.csproj" />
  <Project Path="src/Common/Common.Presentation/Common.Presentation.csproj" />
  <Project Path="src/Modules/ContactRequests/Domain/ContactRequests.Domain.csproj" />
  <Project Path="src/Modules/ContactRequests/Application/ContactRequests.Application.csproj" />
  <Project Path="src/Modules/ContactRequests/Infrastructure/ContactRequests.Infrastructure.csproj" />
  <Project Path="src/Modules/ContactRequests/Presentation/ContactRequests.Presentation.csproj" />
  <Project Path="src/Modules/ContactRequests/Tests/ContactRequests.Tests.csproj" />
</Solution>
