
Microsoft Visual Studio Solution File, Format Version 12.00
# Visual Studio Version 17
VisualStudioVersion = 17.0.31903.59
MinimumVisualStudioVersion = 10.0.40219.1
Project("{2150E333-8FDC-42A3-9474-1A3956D46DE8}") = "Api", "Api", "{D82C56D6-B2CD-F611-9E31-04638F7EC30E}"
EndProject
Project("{FAE04EC0-301F-11D3-BF4B-00C04F79EFBC}") = "PoCFinal.Server", "Api\PoCFinal.Server\PoCFinal.Server.csproj", "{4BD4B412-F93A-4B36-8C5F-075F3D55C9FD}"
EndProject
Project("{2150E333-8FDC-42A3-9474-1A3956D46DE8}") = "Common", "Common", "{881589EE-639B-0A35-DBCE-5D94E4FC90C0}"
EndProject
Project("{FAE04EC0-301F-11D3-BF4B-00C04F79EFBC}") = "Common.Presentation", "Common\Common.Presentation\Common.Presentation.csproj", "{296D2BCA-F206-4E81-AA55-28DA73FB8C01}"
EndProject
Project("{2150E333-8FDC-42A3-9474-1A3956D46DE8}") = "Modules", "Modules", "{CA253913-39DE-BFD0-C9A3-4B7EC6FBDF17}"
EndProject
Project("{2150E333-8FDC-42A3-9474-1A3956D46DE8}") = "ContactRequests", "ContactRequests", "{4346099E-EFDB-1249-C15E-D333A37726BC}"
EndProject
Project("{2150E333-8FDC-42A3-9474-1A3956D46DE8}") = "Presentation", "Presentation", "{E4EFE42E-095E-B7CD-4BB1-DDF6896FBF71}"
EndProject
Project("{FAE04EC0-301F-11D3-BF4B-00C04F79EFBC}") = "ContactRequests.Presentation", "Modules\ContactRequests\Presentation\ContactRequests.Presentation.csproj", "{CEDF83C7-62E9-4C23-BB1F-DD4BE460A3FF}"
EndProject
Project("{2150E333-8FDC-42A3-9474-1A3956D46DE8}") = "Application", "Application", "{93EE6DEC-F675-A067-0A4C-325641B66714}"
EndProject
Project("{FAE04EC0-301F-11D3-BF4B-00C04F79EFBC}") = "ContactRequests.Application", "Modules\ContactRequests\Application\ContactRequests.Application.csproj", "{2753E209-8A83-41AF-B1F7-0358EB43666B}"
EndProject
Project("{2150E333-8FDC-42A3-9474-1A3956D46DE8}") = "Domain", "Domain", "{81F29E05-692B-15C0-9C73-8BCB4C5E44D1}"
EndProject
Project("{FAE04EC0-301F-11D3-BF4B-00C04F79EFBC}") = "ContactRequests.Domain", "Modules\ContactRequests\Domain\ContactRequests.Domain.csproj", "{29C42B76-9F75-4831-9439-25487FE95BD2}"
EndProject
Project("{2150E333-8FDC-42A3-9474-1A3956D46DE8}") = "Infrastructure", "Infrastructure", "{7F123E86-48AA-D3FE-607F-CC80C7C29BFD}"
EndProject
Project("{FAE04EC0-301F-11D3-BF4B-00C04F79EFBC}") = "ContactRequests.Infrastructure", "Modules\ContactRequests\Infrastructure\ContactRequests.Infrastructure.csproj", "{CFFC5EB2-C631-4E84-A3F8-8E3B043D09B0}"
EndProject
Project("{2150E333-8FDC-42A3-9474-1A3956D46DE8}") = "Tests", "Tests", "{4E499B3B-A690-3255-E866-84291A5D5268}"
EndProject
Project("{2150E333-8FDC-42A3-9474-1A3956D46DE8}") = "ContactRequests.Test", "ContactRequests.Test", "{B5148DF0-B778-5E64-692F-A1A6523894FB}"
EndProject
Project("{FAE04EC0-301F-11D3-BF4B-00C04F79EFBC}") = "ContactRequests.UnitTests", "Modules\ContactRequests\Tests\ContactRequests.Test\ContactRequests.UnitTests.csproj", "{704729C0-25A8-4870-8D87-673916456417}"
EndProject
Global
	GlobalSection(SolutionConfigurationPlatforms) = preSolution
		Debug|Any CPU = Debug|Any CPU
		Debug|x64 = Debug|x64
		Debug|x86 = Debug|x86
		Release|Any CPU = Release|Any CPU
		Release|x64 = Release|x64
		Release|x86 = Release|x86
	EndGlobalSection
	GlobalSection(ProjectConfigurationPlatforms) = postSolution
		{4BD4B412-F93A-4B36-8C5F-075F3D55C9FD}.Debug|Any CPU.ActiveCfg = Debug|Any CPU
		{4BD4B412-F93A-4B36-8C5F-075F3D55C9FD}.Debug|Any CPU.Build.0 = Debug|Any CPU
		{4BD4B412-F93A-4B36-8C5F-075F3D55C9FD}.Debug|x64.ActiveCfg = Debug|Any CPU
		{4BD4B412-F93A-4B36-8C5F-075F3D55C9FD}.Debug|x64.Build.0 = Debug|Any CPU
		{4BD4B412-F93A-4B36-8C5F-075F3D55C9FD}.Debug|x86.ActiveCfg = Debug|Any CPU
		{4BD4B412-F93A-4B36-8C5F-075F3D55C9FD}.Debug|x86.Build.0 = Debug|Any CPU
		{4BD4B412-F93A-4B36-8C5F-075F3D55C9FD}.Release|Any CPU.ActiveCfg = Release|Any CPU
		{4BD4B412-F93A-4B36-8C5F-075F3D55C9FD}.Release|Any CPU.Build.0 = Release|Any CPU
		{4BD4B412-F93A-4B36-8C5F-075F3D55C9FD}.Release|x64.ActiveCfg = Release|Any CPU
		{4BD4B412-F93A-4B36-8C5F-075F3D55C9FD}.Release|x64.Build.0 = Release|Any CPU
		{4BD4B412-F93A-4B36-8C5F-075F3D55C9FD}.Release|x86.ActiveCfg = Release|Any CPU
		{4BD4B412-F93A-4B36-8C5F-075F3D55C9FD}.Release|x86.Build.0 = Release|Any CPU
		{296D2BCA-F206-4E81-AA55-28DA73FB8C01}.Debug|Any CPU.ActiveCfg = Debug|Any CPU
		{296D2BCA-F206-4E81-AA55-28DA73FB8C01}.Debug|Any CPU.Build.0 = Debug|Any CPU
		{296D2BCA-F206-4E81-AA55-28DA73FB8C01}.Debug|x64.ActiveCfg = Debug|Any CPU
		{296D2BCA-F206-4E81-AA55-28DA73FB8C01}.Debug|x64.Build.0 = Debug|Any CPU
		{296D2BCA-F206-4E81-AA55-28DA73FB8C01}.Debug|x86.ActiveCfg = Debug|Any CPU
		{296D2BCA-F206-4E81-AA55-28DA73FB8C01}.Debug|x86.Build.0 = Debug|Any CPU
		{296D2BCA-F206-4E81-AA55-28DA73FB8C01}.Release|Any CPU.ActiveCfg = Release|Any CPU
		{296D2BCA-F206-4E81-AA55-28DA73FB8C01}.Release|Any CPU.Build.0 = Release|Any CPU
		{296D2BCA-F206-4E81-AA55-28DA73FB8C01}.Release|x64.ActiveCfg = Release|Any CPU
		{296D2BCA-F206-4E81-AA55-28DA73FB8C01}.Release|x64.Build.0 = Release|Any CPU
		{296D2BCA-F206-4E81-AA55-28DA73FB8C01}.Release|x86.ActiveCfg = Release|Any CPU
		{296D2BCA-F206-4E81-AA55-28DA73FB8C01}.Release|x86.Build.0 = Release|Any CPU
		{CEDF83C7-62E9-4C23-BB1F-DD4BE460A3FF}.Debug|Any CPU.ActiveCfg = Debug|Any CPU
		{CEDF83C7-62E9-4C23-BB1F-DD4BE460A3FF}.Debug|Any CPU.Build.0 = Debug|Any CPU
		{CEDF83C7-62E9-4C23-BB1F-DD4BE460A3FF}.Debug|x64.ActiveCfg = Debug|Any CPU
		{CEDF83C7-62E9-4C23-BB1F-DD4BE460A3FF}.Debug|x64.Build.0 = Debug|Any CPU
		{CEDF83C7-62E9-4C23-BB1F-DD4BE460A3FF}.Debug|x86.ActiveCfg = Debug|Any CPU
		{CEDF83C7-62E9-4C23-BB1F-DD4BE460A3FF}.Debug|x86.Build.0 = Debug|Any CPU
		{CEDF83C7-62E9-4C23-BB1F-DD4BE460A3FF}.Release|Any CPU.ActiveCfg = Release|Any CPU
		{CEDF83C7-62E9-4C23-BB1F-DD4BE460A3FF}.Release|Any CPU.Build.0 = Release|Any CPU
		{CEDF83C7-62E9-4C23-BB1F-DD4BE460A3FF}.Release|x64.ActiveCfg = Release|Any CPU
		{CEDF83C7-62E9-4C23-BB1F-DD4BE460A3FF}.Release|x64.Build.0 = Release|Any CPU
		{CEDF83C7-62E9-4C23-BB1F-DD4BE460A3FF}.Release|x86.ActiveCfg = Release|Any CPU
		{CEDF83C7-62E9-4C23-BB1F-DD4BE460A3FF}.Release|x86.Build.0 = Release|Any CPU
		{2753E209-8A83-41AF-B1F7-0358EB43666B}.Debug|Any CPU.ActiveCfg = Debug|Any CPU
		{2753E209-8A83-41AF-B1F7-0358EB43666B}.Debug|Any CPU.Build.0 = Debug|Any CPU
		{2753E209-8A83-41AF-B1F7-0358EB43666B}.Debug|x64.ActiveCfg = Debug|Any CPU
		{2753E209-8A83-41AF-B1F7-0358EB43666B}.Debug|x64.Build.0 = Debug|Any CPU
		{2753E209-8A83-41AF-B1F7-0358EB43666B}.Debug|x86.ActiveCfg = Debug|Any CPU
		{2753E209-8A83-41AF-B1F7-0358EB43666B}.Debug|x86.Build.0 = Debug|Any CPU
		{2753E209-8A83-41AF-B1F7-0358EB43666B}.Release|Any CPU.ActiveCfg = Release|Any CPU
		{2753E209-8A83-41AF-B1F7-0358EB43666B}.Release|Any CPU.Build.0 = Release|Any CPU
		{2753E209-8A83-41AF-B1F7-0358EB43666B}.Release|x64.ActiveCfg = Release|Any CPU
		{2753E209-8A83-41AF-B1F7-0358EB43666B}.Release|x64.Build.0 = Release|Any CPU
		{2753E209-8A83-41AF-B1F7-0358EB43666B}.Release|x86.ActiveCfg = Release|Any CPU
		{2753E209-8A83-41AF-B1F7-0358EB43666B}.Release|x86.Build.0 = Release|Any CPU
		{29C42B76-9F75-4831-9439-25487FE95BD2}.Debug|Any CPU.ActiveCfg = Debug|Any CPU
		{29C42B76-9F75-4831-9439-25487FE95BD2}.Debug|Any CPU.Build.0 = Debug|Any CPU
		{29C42B76-9F75-4831-9439-25487FE95BD2}.Debug|x64.ActiveCfg = Debug|Any CPU
		{29C42B76-9F75-4831-9439-25487FE95BD2}.Debug|x64.Build.0 = Debug|Any CPU
		{29C42B76-9F75-4831-9439-25487FE95BD2}.Debug|x86.ActiveCfg = Debug|Any CPU
		{29C42B76-9F75-4831-9439-25487FE95BD2}.Debug|x86.Build.0 = Debug|Any CPU
		{29C42B76-9F75-4831-9439-25487FE95BD2}.Release|Any CPU.ActiveCfg = Release|Any CPU
		{29C42B76-9F75-4831-9439-25487FE95BD2}.Release|Any CPU.Build.0 = Release|Any CPU
		{29C42B76-9F75-4831-9439-25487FE95BD2}.Release|x64.ActiveCfg = Release|Any CPU
		{29C42B76-9F75-4831-9439-25487FE95BD2}.Release|x64.Build.0 = Release|Any CPU
		{29C42B76-9F75-4831-9439-25487FE95BD2}.Release|x86.ActiveCfg = Release|Any CPU
		{29C42B76-9F75-4831-9439-25487FE95BD2}.Release|x86.Build.0 = Release|Any CPU
		{CFFC5EB2-C631-4E84-A3F8-8E3B043D09B0}.Debug|Any CPU.ActiveCfg = Debug|Any CPU
		{CFFC5EB2-C631-4E84-A3F8-8E3B043D09B0}.Debug|Any CPU.Build.0 = Debug|Any CPU
		{CFFC5EB2-C631-4E84-A3F8-8E3B043D09B0}.Debug|x64.ActiveCfg = Debug|Any CPU
		{CFFC5EB2-C631-4E84-A3F8-8E3B043D09B0}.Debug|x64.Build.0 = Debug|Any CPU
		{CFFC5EB2-C631-4E84-A3F8-8E3B043D09B0}.Debug|x86.ActiveCfg = Debug|Any CPU
		{CFFC5EB2-C631-4E84-A3F8-8E3B043D09B0}.Debug|x86.Build.0 = Debug|Any CPU
		{CFFC5EB2-C631-4E84-A3F8-8E3B043D09B0}.Release|Any CPU.ActiveCfg = Release|Any CPU
		{CFFC5EB2-C631-4E84-A3F8-8E3B043D09B0}.Release|Any CPU.Build.0 = Release|Any CPU
		{CFFC5EB2-C631-4E84-A3F8-8E3B043D09B0}.Release|x64.ActiveCfg = Release|Any CPU
		{CFFC5EB2-C631-4E84-A3F8-8E3B043D09B0}.Release|x64.Build.0 = Release|Any CPU
		{CFFC5EB2-C631-4E84-A3F8-8E3B043D09B0}.Release|x86.ActiveCfg = Release|Any CPU
		{CFFC5EB2-C631-4E84-A3F8-8E3B043D09B0}.Release|x86.Build.0 = Release|Any CPU
		{704729C0-25A8-4870-8D87-673916456417}.Debug|Any CPU.ActiveCfg = Debug|Any CPU
		{704729C0-25A8-4870-8D87-673916456417}.Debug|Any CPU.Build.0 = Debug|Any CPU
		{704729C0-25A8-4870-8D87-673916456417}.Debug|x64.ActiveCfg = Debug|Any CPU
		{704729C0-25A8-4870-8D87-673916456417}.Debug|x64.Build.0 = Debug|Any CPU
		{704729C0-25A8-4870-8D87-673916456417}.Debug|x86.ActiveCfg = Debug|Any CPU
		{704729C0-25A8-4870-8D87-673916456417}.Debug|x86.Build.0 = Debug|Any CPU
		{704729C0-25A8-4870-8D87-673916456417}.Release|Any CPU.ActiveCfg = Release|Any CPU
		{704729C0-25A8-4870-8D87-673916456417}.Release|Any CPU.Build.0 = Release|Any CPU
		{704729C0-25A8-4870-8D87-673916456417}.Release|x64.ActiveCfg = Release|Any CPU
		{704729C0-25A8-4870-8D87-673916456417}.Release|x64.Build.0 = Release|Any CPU
		{704729C0-25A8-4870-8D87-673916456417}.Release|x86.ActiveCfg = Release|Any CPU
		{704729C0-25A8-4870-8D87-673916456417}.Release|x86.Build.0 = Release|Any CPU
	EndGlobalSection
	GlobalSection(SolutionProperties) = preSolution
		HideSolutionNode = FALSE
	EndGlobalSection
	GlobalSection(NestedProjects) = preSolution
		{4BD4B412-F93A-4B36-8C5F-075F3D55C9FD} = {D82C56D6-B2CD-F611-9E31-04638F7EC30E}
		{296D2BCA-F206-4E81-AA55-28DA73FB8C01} = {881589EE-639B-0A35-DBCE-5D94E4FC90C0}
		{4346099E-EFDB-1249-C15E-D333A37726BC} = {CA253913-39DE-BFD0-C9A3-4B7EC6FBDF17}
		{E4EFE42E-095E-B7CD-4BB1-DDF6896FBF71} = {4346099E-EFDB-1249-C15E-D333A37726BC}
		{CEDF83C7-62E9-4C23-BB1F-DD4BE460A3FF} = {E4EFE42E-095E-B7CD-4BB1-DDF6896FBF71}
		{93EE6DEC-F675-A067-0A4C-325641B66714} = {4346099E-EFDB-1249-C15E-D333A37726BC}
		{2753E209-8A83-41AF-B1F7-0358EB43666B} = {93EE6DEC-F675-A067-0A4C-325641B66714}
		{81F29E05-692B-15C0-9C73-8BCB4C5E44D1} = {4346099E-EFDB-1249-C15E-D333A37726BC}
		{29C42B76-9F75-4831-9439-25487FE95BD2} = {81F29E05-692B-15C0-9C73-8BCB4C5E44D1}
		{7F123E86-48AA-D3FE-607F-CC80C7C29BFD} = {4346099E-EFDB-1249-C15E-D333A37726BC}
		{CFFC5EB2-C631-4E84-A3F8-8E3B043D09B0} = {7F123E86-48AA-D3FE-607F-CC80C7C29BFD}
		{4E499B3B-A690-3255-E866-84291A5D5268} = {4346099E-EFDB-1249-C15E-D333A37726BC}
		{B5148DF0-B778-5E64-692F-A1A6523894FB} = {4E499B3B-A690-3255-E866-84291A5D5268}
		{704729C0-25A8-4870-8D87-673916456417} = {B5148DF0-B778-5E64-692F-A1A6523894FB}
	EndGlobalSection
EndGlobal
